
Microsoft Visual Studio Solution File, Format Version 12.00
# Visual Studio Version 17
VisualStudioVersion = 17.12.35527.113 d17.12
MinimumVisualStudioVersion = 10.0.40219.1
Project("{FAE04EC0-301F-11D3-BF4B-00C04F79EFBC}") = "umbraco-clean-demo.Web", "umbraco-clean-demo.Web\umbraco-clean-demo.Web.csproj", "{5109A006-3362-476E-A9D3-69B8B285BFE8}"
EndProject
Project("{FAE04EC0-301F-11D3-BF4B-00C04F79EFBC}") = "umbraco-clean-demo.Application", "umbraco-clean-demo.Application\umbraco-clean-demo.Application.csproj", "{5445AF42-F3D1-42CE-926A-7AB10423B072}"
EndProject
Project("{FAE04EC0-301F-11D3-BF4B-00C04F79EFBC}") = "umbraco-clean-demo.Domain", "umbraco-clean-demo.Domain\umbraco-clean-demo.Domain.csproj", "{8CA4E47F-4B95-482F-BDA8-3E3B23B79C00}"
EndProject
Project("{FAE04EC0-301F-11D3-BF4B-00C04F79EFBC}") = "umbraco-clean-demo.Infrastructure", "umbraco-clean-demo.Infrastructure\umbraco-clean-demo.Infrastructure.csproj", "{0D73C805-8055-4007-ADC4-318987B36963}"
EndProject
Global
	GlobalSection(SolutionConfigurationPlatforms) = preSolution
		Debug|Any CPU = Debug|Any CPU
		Release|Any CPU = Release|Any CPU
	EndGlobalSection
	GlobalSection(ProjectConfigurationPlatforms) = postSolution
		{5109A006-3362-476E-A9D3-69B8B285BFE8}.Debug|Any CPU.ActiveCfg = Debug|Any CPU
		{5109A006-3362-476E-A9D3-69B8B285BFE8}.Debug|Any CPU.Build.0 = Debug|Any CPU
		{5109A006-3362-476E-A9D3-69B8B285BFE8}.Release|Any CPU.ActiveCfg = Release|Any CPU
		{5109A006-3362-476E-A9D3-69B8B285BFE8}.Release|Any CPU.Build.0 = Release|Any CPU
		{5445AF42-F3D1-42CE-926A-7AB10423B072}.Debug|Any CPU.ActiveCfg = Debug|Any CPU
		{5445AF42-F3D1-42CE-926A-7AB10423B072}.Debug|Any CPU.Build.0 = Debug|Any CPU
		{5445AF42-F3D1-42CE-926A-7AB10423B072}.Release|Any CPU.ActiveCfg = Release|Any CPU
		{5445AF42-F3D1-42CE-926A-7AB10423B072}.Release|Any CPU.Build.0 = Release|Any CPU
		{8CA4E47F-4B95-482F-BDA8-3E3B23B79C00}.Debug|Any CPU.ActiveCfg = Debug|Any CPU
		{8CA4E47F-4B95-482F-BDA8-3E3B23B79C00}.Debug|Any CPU.Build.0 = Debug|Any CPU
		{8CA4E47F-4B95-482F-BDA8-3E3B23B79C00}.Release|Any CPU.ActiveCfg = Release|Any CPU
		{8CA4E47F-4B95-482F-BDA8-3E3B23B79C00}.Release|Any CPU.Build.0 = Release|Any CPU
		{0D73C805-8055-4007-ADC4-318987B36963}.Debug|Any CPU.ActiveCfg = Debug|Any CPU
		{0D73C805-8055-4007-ADC4-318987B36963}.Debug|Any CPU.Build.0 = Debug|Any CPU
		{0D73C805-8055-4007-ADC4-318987B36963}.Release|Any CPU.ActiveCfg = Release|Any CPU
		{0D73C805-8055-4007-ADC4-318987B36963}.Release|Any CPU.Build.0 = Release|Any CPU
	EndGlobalSection
	GlobalSection(SolutionProperties) = preSolution
		HideSolutionNode = FALSE
	EndGlobalSection
EndGlobal
